// !$*UTF8*$!
{
	archiveVersion = 1;
	classes = {
	};
	objectVersion = 56;
	objects = {

/* Begin PBXBuildFile section */
		99B41A7E2B622724005C2F52 /* firestore_demo_spmApp.swift in Sources */ = {isa = PBXBuildFile; fileRef = 99B41A7D2B622724005C2F52 /* firestore_demo_spmApp.swift */; };
		99B41A802B622724005C2F52 /* ContentView.swift in Sources */ = {isa = PBXBuildFile; fileRef = 99B41A7F2B622724005C2F52 /* ContentView.swift */; };
		99B41A822B622725005C2F52 /* Assets.xcassets in Resources */ = {isa = PBXBuildFile; fileRef = 99B41A812B622725005C2F52 /* Assets.xcassets */; };
		99B41A852B622725005C2F52 /* Preview Assets.xcassets in Resources */ = {isa = PBXBuildFile; fileRef = 99B41A842B622725005C2F52 /* Preview Assets.xcassets */; };
		99B41A8C2B622815005C2F52 /* GoogleService-Info.plist in Resources */ = {isa = PBXBuildFile; fileRef = 99B41A8B2B622815005C2F52 /* GoogleService-Info.plist */; };
		99B41A8F2B6228AC005C2F52 /* FirebaseAnalytics in Frameworks */ = {isa = PBXBuildFile; productRef = 99B41A8E2B6228AC005C2F52 /* FirebaseAnalytics */; };
		99B41A912B6228AC005C2F52 /* FirebaseAnalyticsOnDeviceConversion in Frameworks */ = {isa = PBXBuildFile; productRef = 99B41A902B6228AC005C2F52 /* FirebaseAnalyticsOnDeviceConversion */; };
		99B41A932B6228AC005C2F52 /* FirebaseAnalyticsSwift in Frameworks */ = {isa = PBXBuildFile; productRef = 99B41A922B6228AC005C2F52 /* FirebaseAnalyticsSwift */; };
		99B41A952B6228AC005C2F52 /* FirebaseAnalyticsWithoutAdIdSupport in Frameworks */ = {isa = PBXBuildFile; productRef = 99B41A942B6228AC005C2F52 /* FirebaseAnalyticsWithoutAdIdSupport */; };
		99B41A972B6228AC005C2F52 /* FirebaseAppCheck in Frameworks */ = {isa = PBXBuildFile; productRef = 99B41A962B6228AC005C2F52 /* FirebaseAppCheck */; };
		99B41A9A2B622BE3005C2F52 /* ViewModel.swift in Sources */ = {isa = PBXBuildFile; fileRef = 99B41A992B622BE3005C2F52 /* ViewModel.swift */; };
		99B41A9E2B622E9C005C2F52 /* Todo.swift in Sources */ = {isa = PBXBuildFile; fileRef = 99B41A9D2B622E9C005C2F52 /* Todo.swift */; };
		99B41AA12B623253005C2F52 /* FirebaseFirestore in Frameworks */ = {isa = PBXBuildFile; productRef = 99B41AA02B623253005C2F52 /* FirebaseFirestore */; };
		99B41AA32B623253005C2F52 /* FirebaseFirestoreSwift in Frameworks */ = {isa = PBXBuildFile; productRef = 99B41AA22B623253005C2F52 /* FirebaseFirestoreSwift */; };
/* End PBXBuildFile section */

/* Begin PBXFileReference section */
		99B41A7A2B622724005C2F52 /* firestore-demo-spm.app */ = {isa = PBXFileReference; explicitFileType = wrapper.application; includeInIndex = 0; path = "firestore-demo-spm.app"; sourceTree = BUILT_PRODUCTS_DIR; };
		99B41A7D2B622724005C2F52 /* firestore_demo_spmApp.swift */ = {isa = PBXFileReference; lastKnownFileType = sourcecode.swift; path = firestore_demo_spmApp.swift; sourceTree = "<group>"; };
		99B41A7F2B622724005C2F52 /* ContentView.swift */ = {isa = PBXFileReference; lastKnownFileType = sourcecode.swift; path = ContentView.swift; sourceTree = "<group>"; };
		99B41A812B622725005C2F52 /* Assets.xcassets */ = {isa = PBXFileReference; lastKnownFileType = folder.assetcatalog; path = Assets.xcassets; sourceTree = "<group>"; };
		99B41A842B622725005C2F52 /* Preview Assets.xcassets */ = {isa = PBXFileReference; lastKnownFileType = folder.assetcatalog; path = "Preview Assets.xcassets"; sourceTree = "<group>"; };
		99B41A8B2B622815005C2F52 /* GoogleService-Info.plist */ = {isa = PBXFileReference; fileEncoding = 4; lastKnownFileType = text.plist.xml; path = "GoogleService-Info.plist"; sourceTree = "<group>"; };
		99B41A992B622BE3005C2F52 /* ViewModel.swift */ = {isa = PBXFileReference; lastKnownFileType = sourcecode.swift; path = ViewModel.swift; sourceTree = "<group>"; };
		99B41A9D2B622E9C005C2F52 /* Todo.swift */ = {isa = PBXFileReference; lastKnownFileType = sourcecode.swift; path = Todo.swift; sourceTree = "<group>"; };
/* End PBXFileReference section */

/* Begin PBXFrameworksBuildPhase section */
		99B41A772B622724005C2F52 /* Frameworks */ = {
			isa = PBXFrameworksBuildPhase;
			buildActionMask = 2147483647;
			files = (
				99B41A932B6228AC005C2F52 /* FirebaseAnalyticsSwift in Frameworks */,
				99B41A8F2B6228AC005C2F52 /* FirebaseAnalytics in Frameworks */,
				99B41A912B6228AC005C2F52 /* FirebaseAnalyticsOnDeviceConversion in Frameworks */,
				99B41AA32B623253005C2F52 /* FirebaseFirestoreSwift in Frameworks */,
				99B41A972B6228AC005C2F52 /* FirebaseAppCheck in Frameworks */,
				99B41A952B6228AC005C2F52 /* FirebaseAnalyticsWithoutAdIdSupport in Frameworks */,
				99B41AA12B623253005C2F52 /* FirebaseFirestore in Frameworks */,
			);
			runOnlyForDeploymentPostprocessing = 0;
		};
/* End PBXFrameworksBuildPhase section */

/* Begin PBXGroup section */
		99B41A712B622724005C2F52 = {
			isa = PBXGroup;
			children = (
				99B41A7C2B622724005C2F52 /* firestore-demo-spm */,
				99B41A7B2B622724005C2F52 /* Products */,
				99B41A9F2B623253005C2F52 /* Frameworks */,
			);
			sourceTree = "<group>";
		};
		99B41A7B2B622724005C2F52 /* Products */ = {
			isa = PBXGroup;
			children = (
				99B41A7A2B622724005C2F52 /* firestore-demo-spm.app */,
			);
			name = Products;
			sourceTree = "<group>";
		};
		99B41A7C2B622724005C2F52 /* firestore-demo-spm */ = {
			isa = PBXGroup;
			children = (
				99B41A7D2B622724005C2F52 /* firestore_demo_spmApp.swift */,
				99B41A9B2B622E81005C2F52 /* Views */,
				99B41A982B622BD7005C2F52 /* ViewModels */,
				99B41A9C2B622E89005C2F52 /* Models */,
				99B41A812B622725005C2F52 /* Assets.xcassets */,
				99B41A832B622725005C2F52 /* Preview Content */,
			);
			path = "firestore-demo-spm";
			sourceTree = "<group>";
		};
		99B41A832B622725005C2F52 /* Preview Content */ = {
			isa = PBXGroup;
			children = (
				99B41A8B2B622815005C2F52 /* GoogleService-Info.plist */,
				99B41A842B622725005C2F52 /* Preview Assets.xcassets */,
			);
			path = "Preview Content";
			sourceTree = "<group>";
		};
		99B41A982B622BD7005C2F52 /* ViewModels */ = {
			isa = PBXGroup;
			children = (
				99B41A992B622BE3005C2F52 /* ViewModel.swift */,
			);
			path = ViewModels;
			sourceTree = "<group>";
		};
		99B41A9B2B622E81005C2F52 /* Views */ = {
			isa = PBXGroup;
			children = (
				99B41A7F2B622724005C2F52 /* ContentView.swift */,
			);
			path = Views;
			sourceTree = "<group>";
		};
		99B41A9C2B622E89005C2F52 /* Models */ = {
			isa = PBXGroup;
			children = (
				99B41A9D2B622E9C005C2F52 /* Todo.swift */,
			);
			path = Models;
			sourceTree = "<group>";
		};
		99B41A9F2B623253005C2F52 /* Frameworks */ = {
			isa = PBXGroup;
			children = (
			);
			name = Frameworks;
			sourceTree = "<group>";
		};
/* End PBXGroup section */

/* Begin PBXNativeTarget section */
		99B41A792B622724005C2F52 /* firestore-demo-spm */ = {
			isa = PBXNativeTarget;
			buildConfigurationList = 99B41A882B622725005C2F52 /* Build configuration list for PBXNativeTarget "firestore-demo-spm" */;
			buildPhases = (
				99B41A762B622724005C2F52 /* Sources */,
				99B41A772B622724005C2F52 /* Frameworks */,
				99B41A782B622724005C2F52 /* Resources */,
			);
			buildRules = (
			);
			dependencies = (
			);
			name = "firestore-demo-spm";
			packageProductDependencies = (
				99B41A8E2B6228AC005C2F52 /* FirebaseAnalytics */,
				99B41A902B6228AC005C2F52 /* FirebaseAnalyticsOnDeviceConversion */,
				99B41A922B6228AC005C2F52 /* FirebaseAnalyticsSwift */,
				99B41A942B6228AC005C2F52 /* FirebaseAnalyticsWithoutAdIdSupport */,
				99B41A962B6228AC005C2F52 /* FirebaseAppCheck */,
				99B41AA02B623253005C2F52 /* FirebaseFirestore */,
				99B41AA22B623253005C2F52 /* FirebaseFirestoreSwift */,
			);
			productName = "firestore-demo-spm";
			productReference = 99B41A7A2B622724005C2F52 /* firestore-demo-spm.app */;
			productType = "com.apple.product-type.application";
		};
/* End PBXNativeTarget section */

/* Begin PBXProject section */
		99B41A722B622724005C2F52 /* Project object */ = {
			isa = PBXProject;
			attributes = {
				BuildIndependentTargetsInParallel = 1;
				LastSwiftUpdateCheck = 1520;
				LastUpgradeCheck = 1520;
				TargetAttributes = {
					99B41A792B622724005C2F52 = {
						CreatedOnToolsVersion = 15.2;
					};
				};
			};
			buildConfigurationList = 99B41A752B622724005C2F52 /* Build configuration list for PBXProject "firestore-demo-spm" */;
			compatibilityVersion = "Xcode 14.0";
			developmentRegion = en;
			hasScannedForEncodings = 0;
			knownRegions = (
				en,
				Base,
			);
			mainGroup = 99B41A712B622724005C2F52;
			packageReferences = (
				99B41A8D2B6228AC005C2F52 /* XCRemoteSwiftPackageReference "firebase-ios-sdk" */,
			);
			productRefGroup = 99B41A7B2B622724005C2F52 /* Products */;
			projectDirPath = "";
			projectRoot = "";
			targets = (
				99B41A792B622724005C2F52 /* firestore-demo-spm */,
			);
		};
/* End PBXProject section */

/* Begin PBXResourcesBuildPhase section */
		99B41A782B622724005C2F52 /* Resources */ = {
			isa = PBXResourcesBuildPhase;
			buildActionMask = 2147483647;
			files = (
				99B41A852B622725005C2F52 /* Preview Assets.xcassets in Resources */,
				99B41A822B622725005C2F52 /* Assets.xcassets in Resources */,
				99B41A8C2B622815005C2F52 /* GoogleService-Info.plist in Resources */,
			);
			runOnlyForDeploymentPostprocessing = 0;
		};
/* End PBXResourcesBuildPhase section */

/* Begin PBXSourcesBuildPhase section */
		99B41A762B622724005C2F52 /* Sources */ = {
			isa = PBXSourcesBuildPhase;
			buildActionMask = 2147483647;
			files = (
				99B41A802B622724005C2F52 /* ContentView.swift in Sources */,
				99B41A9A2B622BE3005C2F52 /* ViewModel.swift in Sources */,
				99B41A7E2B622724005C2F52 /* firestore_demo_spmApp.swift in Sources */,
				99B41A9E2B622E9C005C2F52 /* Todo.swift in Sources */,
			);
			runOnlyForDeploymentPostprocessing = 0;
		};
/* End PBXSourcesBuildPhase section */

/* Begin XCBuildConfiguration section */
		99B41A862B622725005C2F52 /* Debug */ = {
			isa = XCBuildConfiguration;
			buildSettings = {
				ALWAYS_SEARCH_USER_PATHS = NO;
				ASSETCATALOG_COMPILER_GENERATE_SWIFT_ASSET_SYMBOL_EXTENSIONS = YES;
				CLANG_ANALYZER_NONNULL = YES;
				CLANG_ANALYZER_NUMBER_OBJECT_CONVERSION = YES_AGGRESSIVE;
				CLANG_CXX_LANGUAGE_STANDARD = "gnu++20";
				CLANG_ENABLE_MODULES = YES;
				CLANG_ENABLE_OBJC_ARC = YES;
				CLANG_ENABLE_OBJC_WEAK = YES;
				CLANG_WARN_BLOCK_CAPTURE_AUTORELEASING = YES;
				CLANG_WARN_BOOL_CONVERSION = YES;
				CLANG_WARN_COMMA = YES;
				CLANG_WARN_CONSTANT_CONVERSION = YES;
				CLANG_WARN_DEPRECATED_OBJC_IMPLEMENTATIONS = YES;
				CLANG_WARN_DIRECT_OBJC_ISA_USAGE = YES_ERROR;
				CLANG_WARN_DOCUMENTATION_COMMENTS = YES;
				CLANG_WARN_EMPTY_BODY = YES;
				CLANG_WARN_ENUM_CONVERSION = YES;
				CLANG_WARN_INFINITE_RECURSION = YES;
				CLANG_WARN_INT_CONVERSION = YES;
				CLANG_WARN_NON_LITERAL_NULL_CONVERSION = YES;
				CLANG_WARN_OBJC_IMPLICIT_RETAIN_SELF = YES;
				CLANG_WARN_OBJC_LITERAL_CONVERSION = YES;
				CLANG_WARN_OBJC_ROOT_CLASS = YES_ERROR;
				CLANG_WARN_QUOTED_INCLUDE_IN_FRAMEWORK_HEADER = YES;
				CLANG_WARN_RANGE_LOOP_ANALYSIS = YES;
				CLANG_WARN_STRICT_PROTOTYPES = YES;
				CLANG_WARN_SUSPICIOUS_MOVE = YES;
				CLANG_WARN_UNGUARDED_AVAILABILITY = YES_AGGRESSIVE;
				CLANG_WARN_UNREACHABLE_CODE = YES;
				CLANG_WARN__DUPLICATE_METHOD_MATCH = YES;
				COPY_PHASE_STRIP = NO;
				DEBUG_INFORMATION_FORMAT = dwarf;
				ENABLE_STRICT_OBJC_MSGSEND = YES;
				ENABLE_TESTABILITY = YES;
				ENABLE_USER_SCRIPT_SANDBOXING = YES;
				GCC_C_LANGUAGE_STANDARD = gnu17;
				GCC_DYNAMIC_NO_PIC = NO;
				GCC_NO_COMMON_BLOCKS = YES;
				GCC_OPTIMIZATION_LEVEL = 0;
				GCC_PREPROCESSOR_DEFINITIONS = (
					"DEBUG=1",
					"$(inherited)",
				);
				GCC_WARN_64_TO_32_BIT_CONVERSION = YES;
				GCC_WARN_ABOUT_RETURN_TYPE = YES_ERROR;
				GCC_WARN_UNDECLARED_SELECTOR = YES;
				GCC_WARN_UNINITIALIZED_AUTOS = YES_AGGRESSIVE;
				GCC_WARN_UNUSED_FUNCTION = YES;
				GCC_WARN_UNUSED_VARIABLE = YES;
				IPHONEOS_DEPLOYMENT_TARGET = 17.2;
				LOCALIZATION_PREFERS_STRING_CATALOGS = YES;
				MTL_ENABLE_DEBUG_INFO = INCLUDE_SOURCE;
				MTL_FAST_MATH = YES;
				ONLY_ACTIVE_ARCH = YES;
				SDKROOT = iphoneos;
				SWIFT_ACTIVE_COMPILATION_CONDITIONS = "DEBUG $(inherited)";
				SWIFT_OPTIMIZATION_LEVEL = "-Onone";
			};
			name = Debug;
		};
		99B41A872B622725005C2F52 /* Release */ = {
			isa = XCBuildConfiguration;
			buildSettings = {
				ALWAYS_SEARCH_USER_PATHS = NO;
				ASSETCATALOG_COMPILER_GENERATE_SWIFT_ASSET_SYMBOL_EXTENSIONS = YES;
				CLANG_ANALYZER_NONNULL = YES;
				CLANG_ANALYZER_NUMBER_OBJECT_CONVERSION = YES_AGGRESSIVE;
				CLANG_CXX_LANGUAGE_STANDARD = "gnu++20";
				CLANG_ENABLE_MODULES = YES;
				CLANG_ENABLE_OBJC_ARC = YES;
				CLANG_ENABLE_OBJC_WEAK = YES;
				CLANG_WARN_BLOCK_CAPTURE_AUTORELEASING = YES;
				CLANG_WARN_BOOL_CONVERSION = YES;
				CLANG_WARN_COMMA = YES;
				CLANG_WARN_CONSTANT_CONVERSION = YES;
				CLANG_WARN_DEPRECATED_OBJC_IMPLEMENTATIONS = YES;
				CLANG_WARN_DIRECT_OBJC_ISA_USAGE = YES_ERROR;
				CLANG_WARN_DOCUMENTATION_COMMENTS = YES;
				CLANG_WARN_EMPTY_BODY = YES;
				CLANG_WARN_ENUM_CONVERSION = YES;
				CLANG_WARN_INFINITE_RECURSION = YES;
				CLANG_WARN_INT_CONVERSION = YES;
				CLANG_WARN_NON_LITERAL_NULL_CONVERSION = YES;
				CLANG_WARN_OBJC_IMPLICIT_RETAIN_SELF = YES;
				CLANG_WARN_OBJC_LITERAL_CONVERSION = YES;
				CLANG_WARN_OBJC_ROOT_CLASS = YES_ERROR;
				CLANG_WARN_QUOTED_INCLUDE_IN_FRAMEWORK_HEADER = YES;
				CLANG_WARN_RANGE_LOOP_ANALYSIS = YES;
				CLANG_WARN_STRICT_PROTOTYPES = YES;
				CLANG_WARN_SUSPICIOUS_MOVE = YES;
				CLANG_WARN_UNGUARDED_AVAILABILITY = YES_AGGRESSIVE;
				CLANG_WARN_UNREACHABLE_CODE = YES;
				CLANG_WARN__DUPLICATE_METHOD_MATCH = YES;
				COPY_PHASE_STRIP = NO;
				DEBUG_INFORMATION_FORMAT = "dwarf-with-dsym";
				ENABLE_NS_ASSERTIONS = NO;
				ENABLE_STRICT_OBJC_MSGSEND = YES;
				ENABLE_USER_SCRIPT_SANDBOXING = YES;
				GCC_C_LANGUAGE_STANDARD = gnu17;
				GCC_NO_COMMON_BLOCKS = YES;
				GCC_WARN_64_TO_32_BIT_CONVERSION = YES;
				GCC_WARN_ABOUT_RETURN_TYPE = YES_ERROR;
				GCC_WARN_UNDECLARED_SELECTOR = YES;
				GCC_WARN_UNINITIALIZED_AUTOS = YES_AGGRESSIVE;
				GCC_WARN_UNUSED_FUNCTION = YES;
				GCC_WARN_UNUSED_VARIABLE = YES;
				IPHONEOS_DEPLOYMENT_TARGET = 17.2;
				LOCALIZATION_PREFERS_STRING_CATALOGS = YES;
				MTL_ENABLE_DEBUG_INFO = NO;
				MTL_FAST_MATH = YES;
				SDKROOT = iphoneos;
				SWIFT_COMPILATION_MODE = wholemodule;
				VALIDATE_PRODUCT = YES;
			};
			name = Release;
		};
		99B41A892B622725005C2F52 /* Debug */ = {
			isa = XCBuildConfiguration;
			buildSettings = {
				ASSETCATALOG_COMPILER_APPICON_NAME = AppIcon;
				ASSETCATALOG_COMPILER_GLOBAL_ACCENT_COLOR_NAME = AccentColor;
				CODE_SIGN_STYLE = Automatic;
				CURRENT_PROJECT_VERSION = 1;
				DEVELOPMENT_ASSET_PATHS = "\"firestore-demo-spm/Preview Content\"";
				DEVELOPMENT_TEAM = G627HA76ZA;
				ENABLE_PREVIEWS = YES;
				GENERATE_INFOPLIST_FILE = YES;
				INFOPLIST_KEY_UIApplicationSceneManifest_Generation = YES;
				INFOPLIST_KEY_UIApplicationSupportsIndirectInputEvents = YES;
				INFOPLIST_KEY_UILaunchScreen_Generation = YES;
				INFOPLIST_KEY_UISupportedInterfaceOrientations_iPad = "UIInterfaceOrientationPortrait UIInterfaceOrientationPortraitUpsideDown UIInterfaceOrientationLandscapeLeft UIInterfaceOrientationLandscapeRight";
				INFOPLIST_KEY_UISupportedInterfaceOrientations_iPhone = "UIInterfaceOrientationPortrait UIInterfaceOrientationLandscapeLeft UIInterfaceOrientationLandscapeRight";
				LD_RUNPATH_SEARCH_PATHS = (
					"$(inherited)",
					"@executable_path/Frameworks",
				);
				MARKETING_VERSION = 1.0;
				PRODUCT_BUNDLE_IDENTIFIER = "com.amirkabiri.firestore-demo-spm";
				PRODUCT_NAME = "$(TARGET_NAME)";
				SWIFT_EMIT_LOC_STRINGS = YES;
				SWIFT_VERSION = 5.0;
				TARGETED_DEVICE_FAMILY = "1,2";
			};
			name = Debug;
		};
		99B41A8A2B622725005C2F52 /* Release */ = {
			isa = XCBuildConfiguration;
			buildSettings = {
				ASSETCATALOG_COMPILER_APPICON_NAME = AppIcon;
				ASSETCATALOG_COMPILER_GLOBAL_ACCENT_COLOR_NAME = AccentColor;
				CODE_SIGN_STYLE = Automatic;
				CURRENT_PROJECT_VERSION = 1;
				DEVELOPMENT_ASSET_PATHS = "\"firestore-demo-spm/Preview Content\"";
				DEVELOPMENT_TEAM = G627HA76ZA;
				ENABLE_PREVIEWS = YES;
				GENERATE_INFOPLIST_FILE = YES;
				INFOPLIST_KEY_UIApplicationSceneManifest_Generation = YES;
				INFOPLIST_KEY_UIApplicationSupportsIndirectInputEvents = YES;
				INFOPLIST_KEY_UILaunchScreen_Generation = YES;
				INFOPLIST_KEY_UISupportedInterfaceOrientations_iPad = "UIInterfaceOrientationPortrait UIInterfaceOrientationPortraitUpsideDown UIInterfaceOrientationLandscapeLeft UIInterfaceOrientationLandscapeRight";
				INFOPLIST_KEY_UISupportedInterfaceOrientations_iPhone = "UIInterfaceOrientationPortrait UIInterfaceOrientationLandscapeLeft UIInterfaceOrientationLandscapeRight";
				LD_RUNPATH_SEARCH_PATHS = (
					"$(inherited)",
					"@executable_path/Frameworks",
				);
				MARKETING_VERSION = 1.0;
				PRODUCT_BUNDLE_IDENTIFIER = "com.amirkabiri.firestore-demo-spm";
				PRODUCT_NAME = "$(TARGET_NAME)";
				SWIFT_EMIT_LOC_STRINGS = YES;
				SWIFT_VERSION = 5.0;
				TARGETED_DEVICE_FAMILY = "1,2";
			};
			name = Release;
		};
/* End XCBuildConfiguration section */

/* Begin XCConfigurationList section */
		99B41A752B622724005C2F52 /* Build configuration list for PBXProject "firestore-demo-spm" */ = {
			isa = XCConfigurationList;
			buildConfigurations = (
				99B41A862B622725005C2F52 /* Debug */,
				99B41A872B622725005C2F52 /* Release */,
			);
			defaultConfigurationIsVisible = 0;
			defaultConfigurationName = Release;
		};
		99B41A882B622725005C2F52 /* Build configuration list for PBXNativeTarget "firestore-demo-spm" */ = {
			isa = XCConfigurationList;
			buildConfigurations = (
				99B41A892B622725005C2F52 /* Debug */,
				99B41A8A2B622725005C2F52 /* Release */,
			);
			defaultConfigurationIsVisible = 0;
			defaultConfigurationName = Release;
		};
/* End XCConfigurationList section */

/* Begin XCRemoteSwiftPackageReference section */
		99B41A8D2B6228AC005C2F52 /* XCRemoteSwiftPackageReference "firebase-ios-sdk" */ = {
			isa = XCRemoteSwiftPackageReference;
			repositoryURL = "https://github.com/firebase/firebase-ios-sdk";
			requirement = {
				kind = upToNextMajorVersion;
				minimumVersion = 10.20.0;
			};
		};
/* End XCRemoteSwiftPackageReference section */

/* Begin XCSwiftPackageProductDependency section */
		99B41A8E2B6228AC005C2F52 /* FirebaseAnalytics */ = {
			isa = XCSwiftPackageProductDependency;
			package = 99B41A8D2B6228AC005C2F52 /* XCRemoteSwiftPackageReference "firebase-ios-sdk" */;
			productName = FirebaseAnalytics;
		};
		99B41A902B6228AC005C2F52 /* FirebaseAnalyticsOnDeviceConversion */ = {
			isa = XCSwiftPackageProductDependency;
			package = 99B41A8D2B6228AC005C2F52 /* XCRemoteSwiftPackageReference "firebase-ios-sdk" */;
			productName = FirebaseAnalyticsOnDeviceConversion;
		};
		99B41A922B6228AC005C2F52 /* FirebaseAnalyticsSwift */ = {
			isa = XCSwiftPackageProductDependency;
			package = 99B41A8D2B6228AC005C2F52 /* XCRemoteSwiftPackageReference "firebase-ios-sdk" */;
			productName = FirebaseAnalyticsSwift;
		};
		99B41A942B6228AC005C2F52 /* FirebaseAnalyticsWithoutAdIdSupport */ = {
			isa = XCSwiftPackageProductDependency;
			package = 99B41A8D2B6228AC005C2F52 /* XCRemoteSwiftPackageReference "firebase-ios-sdk" */;
			productName = FirebaseAnalyticsWithoutAdIdSupport;
		};
		99B41A962B6228AC005C2F52 /* FirebaseAppCheck */ = {
			isa = XCSwiftPackageProductDependency;
			package = 99B41A8D2B6228AC005C2F52 /* XCRemoteSwiftPackageReference "firebase-ios-sdk" */;
			productName = FirebaseAppCheck;
		};
		99B41AA02B623253005C2F52 /* FirebaseFirestore */ = {
			isa = XCSwiftPackageProductDependency;
			package = 99B41A8D2B6228AC005C2F52 /* XCRemoteSwiftPackageReference "firebase-ios-sdk" */;
			productName = FirebaseFirestore;
		};
		99B41AA22B623253005C2F52 /* FirebaseFirestoreSwift */ = {
			isa = XCSwiftPackageProductDependency;
			package = 99B41A8D2B6228AC005C2F52 /* XCRemoteSwiftPackageReference "firebase-ios-sdk" */;
			productName = FirebaseFirestoreSwift;
		};
/* End XCSwiftPackageProductDependency section */
	};
	rootObject = 99B41A722B622724005C2F52 /* Project object */;
}
